
Microsoft Visual Studio Solution File, Format Version 12.00
# Visual Studio Version 17
VisualStudioVersion = 17.6.33829.357
MinimumVisualStudioVersion = 10.0.40219.1
Project("{FAE04EC0-301F-11D3-BF4B-00C04F79EFBC}") = "ReceptoinSystemAppWAD", "ReceptoinSystemAppWAD\ReceptoinSystemAppWAD.csproj", "{68E9FB05-B57C-46CC-9137-0563549DA9FF}"
EndProject
Global
	GlobalSection(SolutionConfigurationPlatforms) = preSolution
		Debug|Any CPU = Debug|Any CPU
		Release|Any CPU = Release|Any CPU
	EndGlobalSection
	GlobalSection(ProjectConfigurationPlatforms) = postSolution
		{68E9FB05-B57C-46CC-9137-0563549DA9FF}.Debug|Any CPU.ActiveCfg = Debug|Any CPU
		{68E9FB05-B57C-46CC-9137-0563549DA9FF}.Debug|Any CPU.Build.0 = Debug|Any CPU
		{68E9FB05-B57C-46CC-9137-0563549DA9FF}.Release|Any CPU.ActiveCfg = Release|Any CPU
		{68E9FB05-B57C-46CC-9137-0563549DA9FF}.Release|Any CPU.Build.0 = Release|Any CPU
	EndGlobalSection
	GlobalSection(SolutionProperties) = preSolution
		HideSolutionNode = FALSE
	EndGlobalSection
	GlobalSection(ExtensibilityGlobals) = postSolution
		SolutionGuid = {997AB8A9-8AB3-41E4-AC5C-6DA63E6A8682}
	EndGlobalSection
EndGlobal
